
Microsoft Visual Studio Solution File, Format Version 12.00
# Visual Studio Version 17
VisualStudioVersion = 17.5.33414.496
MinimumVisualStudioVersion = 10.0.40219.1
Project("{9A19103F-16F7-4668-BE54-9A1E7A4F7556}") = "Home-System", "Home-System\Home-System.csproj", "{2BF8E496-EEB8-4912-B6B7-EC026B24B7F7}"
	ProjectSection(ProjectDependencies) = postProject
		{663999C8-5939-42B4-B5D4-A84AA10BCD7F} = {663999C8-5939-42B4-B5D4-A84AA10BCD7F}
	EndProjectSection
EndProject
Project("{9A19103F-16F7-4668-BE54-9A1E7A4F7556}") = "Database.Context", "Database.Contextt\Database.Context.csproj", "{14230051-E6FB-4DAB-90C5-583B5AAB5BBC}"
EndProject
Project("{9A19103F-16F7-4668-BE54-9A1E7A4F7556}") = "Home-System.Shared", "Home-System.Shared\Home-System.Shared.csproj", "{663999C8-5939-42B4-B5D4-A84AA10BCD7F}"
EndProject
Global
	GlobalSection(SolutionConfigurationPlatforms) = preSolution
		Debug|Any CPU = Debug|Any CPU
		Release|Any CPU = Release|Any CPU
	EndGlobalSection
	GlobalSection(ProjectConfigurationPlatforms) = postSolution
		{2BF8E496-EEB8-4912-B6B7-EC026B24B7F7}.Debug|Any CPU.ActiveCfg = Debug|Any CPU
		{2BF8E496-EEB8-4912-B6B7-EC026B24B7F7}.Debug|Any CPU.Build.0 = Debug|Any CPU
		{2BF8E496-EEB8-4912-B6B7-EC026B24B7F7}.Release|Any CPU.ActiveCfg = Release|Any CPU
		{2BF8E496-EEB8-4912-B6B7-EC026B24B7F7}.Release|Any CPU.Build.0 = Release|Any CPU
		{14230051-E6FB-4DAB-90C5-583B5AAB5BBC}.Debug|Any CPU.ActiveCfg = Debug|Any CPU
		{14230051-E6FB-4DAB-90C5-583B5AAB5BBC}.Debug|Any CPU.Build.0 = Debug|Any CPU
		{14230051-E6FB-4DAB-90C5-583B5AAB5BBC}.Release|Any CPU.ActiveCfg = Release|Any CPU
		{14230051-E6FB-4DAB-90C5-583B5AAB5BBC}.Release|Any CPU.Build.0 = Release|Any CPU
		{663999C8-5939-42B4-B5D4-A84AA10BCD7F}.Debug|Any CPU.ActiveCfg = Debug|Any CPU
		{663999C8-5939-42B4-B5D4-A84AA10BCD7F}.Debug|Any CPU.Build.0 = Debug|Any CPU
		{663999C8-5939-42B4-B5D4-A84AA10BCD7F}.Release|Any CPU.ActiveCfg = Release|Any CPU
		{663999C8-5939-42B4-B5D4-A84AA10BCD7F}.Release|Any CPU.Build.0 = Release|Any CPU
	EndGlobalSection
	GlobalSection(SolutionProperties) = preSolution
		HideSolutionNode = FALSE
	EndGlobalSection
	GlobalSection(ExtensibilityGlobals) = postSolution
		SolutionGuid = {EBAE9F96-E0D2-4CC2-ABB0-6C21364FA664}
	EndGlobalSection
EndGlobal
